// !$*UTF8*$!
{
	archiveVersion = 1;
	classes = {
	};
	objectVersion = 48;
	objects = {

/* Begin PBXBuildFile section */
		842968EB2105925B00959A25 /* EditList+PickerViewExtension.swift in Sources */ = {isa = PBXBuildFile; fileRef = 842968EA2105925B00959A25 /* EditList+PickerViewExtension.swift */; };
		843893162104CAA600662DEC /* ListTableVC.swift in Sources */ = {isa = PBXBuildFile; fileRef = 843893152104CAA600662DEC /* ListTableVC.swift */; };
		8438931A2104D7C200662DEC /* ListCoreDataManager.swift in Sources */ = {isa = PBXBuildFile; fileRef = 843893192104D7C200662DEC /* ListCoreDataManager.swift */; };
		8438931D2104E4BB00662DEC /* EditListVC.swift in Sources */ = {isa = PBXBuildFile; fileRef = 8438931C2104E4BB00662DEC /* EditListVC.swift */; };
		845BF22B210C316800BDCB36 /* MainCoreData.swift in Sources */ = {isa = PBXBuildFile; fileRef = 845BF22A210C316800BDCB36 /* MainCoreData.swift */; };
		845BF22E210C746500BDCB36 /* EmployeeInfo.swift in Sources */ = {isa = PBXBuildFile; fileRef = 845BF22D210C746500BDCB36 /* EmployeeInfo.swift */; };
		845BF230210C748B00BDCB36 /* AccountantInfo.swift in Sources */ = {isa = PBXBuildFile; fileRef = 845BF22F210C748B00BDCB36 /* AccountantInfo.swift */; };
		845BF232210C749A00BDCB36 /* WorkerInfo.swift in Sources */ = {isa = PBXBuildFile; fileRef = 845BF231210C749A00BDCB36 /* WorkerInfo.swift */; };
		845BF234210C750B00BDCB36 /* ManagerInfo.swift in Sources */ = {isa = PBXBuildFile; fileRef = 845BF233210C750B00BDCB36 /* ManagerInfo.swift */; };
		8470C600210434F500C8A532 /* AppDelegate.swift in Sources */ = {isa = PBXBuildFile; fileRef = 8470C5FF210434F500C8A532 /* AppDelegate.swift */; };
		8470C605210434F500C8A532 /* Main.storyboard in Resources */ = {isa = PBXBuildFile; fileRef = 8470C603210434F500C8A532 /* Main.storyboard */; };
		8470C608210434F500C8A532 /* iOSTest2.xcdatamodeld in Sources */ = {isa = PBXBuildFile; fileRef = 8470C606210434F500C8A532 /* iOSTest2.xcdatamodeld */; };
		8470C60A210434F500C8A532 /* Assets.xcassets in Resources */ = {isa = PBXBuildFile; fileRef = 8470C609210434F500C8A532 /* Assets.xcassets */; };
		8470C60D210434F500C8A532 /* LaunchScreen.storyboard in Resources */ = {isa = PBXBuildFile; fileRef = 8470C60B210434F500C8A532 /* LaunchScreen.storyboard */; };
		847D3A74210F22FF00205B13 /* ListTimeManager.swift in Sources */ = {isa = PBXBuildFile; fileRef = 847D3A73210F22FF00205B13 /* ListTimeManager.swift */; };
		847D3A76210F540600205B13 /* TypeEmployee.swift in Sources */ = {isa = PBXBuildFile; fileRef = 847D3A75210F540600205B13 /* TypeEmployee.swift */; };
/* End PBXBuildFile section */

/* Begin PBXFileReference section */
		842968EA2105925B00959A25 /* EditList+PickerViewExtension.swift */ = {isa = PBXFileReference; lastKnownFileType = sourcecode.swift; path = "EditList+PickerViewExtension.swift"; sourceTree = "<group>"; };
		843893152104CAA600662DEC /* ListTableVC.swift */ = {isa = PBXFileReference; lastKnownFileType = sourcecode.swift; path = ListTableVC.swift; sourceTree = "<group>"; };
		843893192104D7C200662DEC /* ListCoreDataManager.swift */ = {isa = PBXFileReference; lastKnownFileType = sourcecode.swift; path = ListCoreDataManager.swift; sourceTree = "<group>"; };
		8438931C2104E4BB00662DEC /* EditListVC.swift */ = {isa = PBXFileReference; lastKnownFileType = sourcecode.swift; path = EditListVC.swift; sourceTree = "<group>"; };
		845BF22A210C316800BDCB36 /* MainCoreData.swift */ = {isa = PBXFileReference; lastKnownFileType = sourcecode.swift; path = MainCoreData.swift; sourceTree = "<group>"; };
		845BF22D210C746500BDCB36 /* EmployeeInfo.swift */ = {isa = PBXFileReference; lastKnownFileType = sourcecode.swift; path = EmployeeInfo.swift; sourceTree = "<group>"; };
		845BF22F210C748B00BDCB36 /* AccountantInfo.swift */ = {isa = PBXFileReference; lastKnownFileType = sourcecode.swift; path = AccountantInfo.swift; sourceTree = "<group>"; };
		845BF231210C749A00BDCB36 /* WorkerInfo.swift */ = {isa = PBXFileReference; lastKnownFileType = sourcecode.swift; path = WorkerInfo.swift; sourceTree = "<group>"; };
		845BF233210C750B00BDCB36 /* ManagerInfo.swift */ = {isa = PBXFileReference; lastKnownFileType = sourcecode.swift; path = ManagerInfo.swift; sourceTree = "<group>"; };
		8470C5FC210434F500C8A532 /* iOSTest2.app */ = {isa = PBXFileReference; explicitFileType = wrapper.application; includeInIndex = 0; path = iOSTest2.app; sourceTree = BUILT_PRODUCTS_DIR; };
		8470C5FF210434F500C8A532 /* AppDelegate.swift */ = {isa = PBXFileReference; lastKnownFileType = sourcecode.swift; path = AppDelegate.swift; sourceTree = "<group>"; };
		8470C604210434F500C8A532 /* Base */ = {isa = PBXFileReference; lastKnownFileType = file.storyboard; name = Base; path = Base.lproj/Main.storyboard; sourceTree = "<group>"; };
		8470C607210434F500C8A532 /* iOSTest2.xcdatamodel */ = {isa = PBXFileReference; lastKnownFileType = wrapper.xcdatamodel; path = iOSTest2.xcdatamodel; sourceTree = "<group>"; };
		8470C609210434F500C8A532 /* Assets.xcassets */ = {isa = PBXFileReference; lastKnownFileType = folder.assetcatalog; path = Assets.xcassets; sourceTree = "<group>"; };
		8470C60C210434F500C8A532 /* Base */ = {isa = PBXFileReference; lastKnownFileType = file.storyboard; name = Base; path = Base.lproj/LaunchScreen.storyboard; sourceTree = "<group>"; };
		8470C60E210434F500C8A532 /* Info.plist */ = {isa = PBXFileReference; lastKnownFileType = text.plist.xml; path = Info.plist; sourceTree = "<group>"; };
		847D3A73210F22FF00205B13 /* ListTimeManager.swift */ = {isa = PBXFileReference; lastKnownFileType = sourcecode.swift; path = ListTimeManager.swift; sourceTree = "<group>"; };
		847D3A75210F540600205B13 /* TypeEmployee.swift */ = {isa = PBXFileReference; lastKnownFileType = sourcecode.swift; path = TypeEmployee.swift; sourceTree = "<group>"; };
/* End PBXFileReference section */

/* Begin PBXFrameworksBuildPhase section */
		8470C5F9210434F500C8A532 /* Frameworks */ = {
			isa = PBXFrameworksBuildPhase;
			buildActionMask = 2147483647;
			files = (
			);
			runOnlyForDeploymentPostprocessing = 0;
		};
/* End PBXFrameworksBuildPhase section */

/* Begin PBXGroup section */
		843893142104CA8700662DEC /* ListVC */ = {
			isa = PBXGroup;
			children = (
				845BF22C210C744000BDCB36 /* Model */,
				843893152104CAA600662DEC /* ListTableVC.swift */,
				847D3A73210F22FF00205B13 /* ListTimeManager.swift */,
				843893192104D7C200662DEC /* ListCoreDataManager.swift */,
				8438931B2104E4A200662DEC /* EditListVC */,
			);
			path = ListVC;
			sourceTree = "<group>";
		};
		8438931B2104E4A200662DEC /* EditListVC */ = {
			isa = PBXGroup;
			children = (
				8438931C2104E4BB00662DEC /* EditListVC.swift */,
				842968EA2105925B00959A25 /* EditList+PickerViewExtension.swift */,
			);
			path = EditListVC;
			sourceTree = "<group>";
		};
		845BF22C210C744000BDCB36 /* Model */ = {
			isa = PBXGroup;
			children = (
				845BF22D210C746500BDCB36 /* EmployeeInfo.swift */,
				845BF22F210C748B00BDCB36 /* AccountantInfo.swift */,
				845BF231210C749A00BDCB36 /* WorkerInfo.swift */,
				845BF233210C750B00BDCB36 /* ManagerInfo.swift */,
				847D3A75210F540600205B13 /* TypeEmployee.swift */,
			);
			path = Model;
			sourceTree = "<group>";
		};
		8470C5F3210434F500C8A532 = {
			isa = PBXGroup;
			children = (
				8470C5FE210434F500C8A532 /* iOSTest2 */,
				8470C5FD210434F500C8A532 /* Products */,
			);
			sourceTree = "<group>";
		};
		8470C5FD210434F500C8A532 /* Products */ = {
			isa = PBXGroup;
			children = (
				8470C5FC210434F500C8A532 /* iOSTest2.app */,
			);
			name = Products;
			sourceTree = "<group>";
		};
		8470C5FE210434F500C8A532 /* iOSTest2 */ = {
			isa = PBXGroup;
			children = (
				843893142104CA8700662DEC /* ListVC */,
				8470C5FF210434F500C8A532 /* AppDelegate.swift */,
				845BF22A210C316800BDCB36 /* MainCoreData.swift */,
				8470C603210434F500C8A532 /* Main.storyboard */,
				8470C609210434F500C8A532 /* Assets.xcassets */,
				8470C60B210434F500C8A532 /* LaunchScreen.storyboard */,
				8470C60E210434F500C8A532 /* Info.plist */,
				8470C606210434F500C8A532 /* iOSTest2.xcdatamodeld */,
			);
			path = iOSTest2;
			sourceTree = "<group>";
		};
/* End PBXGroup section */

/* Begin PBXNativeTarget section */
		8470C5FB210434F500C8A532 /* iOSTest2 */ = {
			isa = PBXNativeTarget;
			buildConfigurationList = 8470C611210434F500C8A532 /* Build configuration list for PBXNativeTarget "iOSTest2" */;
			buildPhases = (
				8470C5F8210434F500C8A532 /* Sources */,
				8470C5F9210434F500C8A532 /* Frameworks */,
				8470C5FA210434F500C8A532 /* Resources */,
			);
			buildRules = (
			);
			dependencies = (
			);
			name = iOSTest2;
			productName = iOSTest2;
			productReference = 8470C5FC210434F500C8A532 /* iOSTest2.app */;
			productType = "com.apple.product-type.application";
		};
/* End PBXNativeTarget section */

/* Begin PBXProject section */
		8470C5F4210434F500C8A532 /* Project object */ = {
			isa = PBXProject;
			attributes = {
				LastSwiftUpdateCheck = 0920;
				LastUpgradeCheck = 0920;
				ORGANIZATIONNAME = Admin;
				TargetAttributes = {
					8470C5FB210434F500C8A532 = {
						CreatedOnToolsVersion = 9.2;
						ProvisioningStyle = Automatic;
					};
				};
			};
			buildConfigurationList = 8470C5F7210434F500C8A532 /* Build configuration list for PBXProject "iOSTest2" */;
			compatibilityVersion = "Xcode 8.0";
			developmentRegion = en;
			hasScannedForEncodings = 0;
			knownRegions = (
				en,
				Base,
			);
			mainGroup = 8470C5F3210434F500C8A532;
			productRefGroup = 8470C5FD210434F500C8A532 /* Products */;
			projectDirPath = "";
			projectRoot = "";
			targets = (
				8470C5FB210434F500C8A532 /* iOSTest2 */,
			);
		};
/* End PBXProject section */

/* Begin PBXResourcesBuildPhase section */
		8470C5FA210434F500C8A532 /* Resources */ = {
			isa = PBXResourcesBuildPhase;
			buildActionMask = 2147483647;
			files = (
				8470C60D210434F500C8A532 /* LaunchScreen.storyboard in Resources */,
				8470C60A210434F500C8A532 /* Assets.xcassets in Resources */,
				8470C605210434F500C8A532 /* Main.storyboard in Resources */,
			);
			runOnlyForDeploymentPostprocessing = 0;
		};
/* End PBXResourcesBuildPhase section */

/* Begin PBXSourcesBuildPhase section */
		8470C5F8210434F500C8A532 /* Sources */ = {
			isa = PBXSourcesBuildPhase;
			buildActionMask = 2147483647;
			files = (
				847D3A76210F540600205B13 /* TypeEmployee.swift in Sources */,
				842968EB2105925B00959A25 /* EditList+PickerViewExtension.swift in Sources */,
				845BF22E210C746500BDCB36 /* EmployeeInfo.swift in Sources */,
				847D3A74210F22FF00205B13 /* ListTimeManager.swift in Sources */,
				845BF22B210C316800BDCB36 /* MainCoreData.swift in Sources */,
				8470C608210434F500C8A532 /* iOSTest2.xcdatamodeld in Sources */,
				843893162104CAA600662DEC /* ListTableVC.swift in Sources */,
				8438931A2104D7C200662DEC /* ListCoreDataManager.swift in Sources */,
				845BF230210C748B00BDCB36 /* AccountantInfo.swift in Sources */,
				8438931D2104E4BB00662DEC /* EditListVC.swift in Sources */,
				845BF234210C750B00BDCB36 /* ManagerInfo.swift in Sources */,
				8470C600210434F500C8A532 /* AppDelegate.swift in Sources */,
				845BF232210C749A00BDCB36 /* WorkerInfo.swift in Sources */,
			);
			runOnlyForDeploymentPostprocessing = 0;
		};
/* End PBXSourcesBuildPhase section */

/* Begin PBXVariantGroup section */
		8470C603210434F500C8A532 /* Main.storyboard */ = {
			isa = PBXVariantGroup;
			children = (
				8470C604210434F500C8A532 /* Base */,
			);
			name = Main.storyboard;
			sourceTree = "<group>";
		};
		8470C60B210434F500C8A532 /* LaunchScreen.storyboard */ = {
			isa = PBXVariantGroup;
			children = (
				8470C60C210434F500C8A532 /* Base */,
			);
			name = LaunchScreen.storyboard;
			sourceTree = "<group>";
		};
/* End PBXVariantGroup section */

/* Begin XCBuildConfiguration section */
		8470C60F210434F500C8A532 /* Debug */ = {
			isa = XCBuildConfiguration;
			buildSettings = {
				ALWAYS_SEARCH_USER_PATHS = NO;
				CLANG_ANALYZER_NONNULL = YES;
				CLANG_ANALYZER_NUMBER_OBJECT_CONVERSION = YES_AGGRESSIVE;
				CLANG_CXX_LANGUAGE_STANDARD = "gnu++14";
				CLANG_CXX_LIBRARY = "libc++";
				CLANG_ENABLE_MODULES = YES;
				CLANG_ENABLE_OBJC_ARC = YES;
				CLANG_WARN_BLOCK_CAPTURE_AUTORELEASING = YES;
				CLANG_WARN_BOOL_CONVERSION = YES;
				CLANG_WARN_COMMA = YES;
				CLANG_WARN_CONSTANT_CONVERSION = YES;
				CLANG_WARN_DIRECT_OBJC_ISA_USAGE = YES_ERROR;
				CLANG_WARN_DOCUMENTATION_COMMENTS = YES;
				CLANG_WARN_EMPTY_BODY = YES;
				CLANG_WARN_ENUM_CONVERSION = YES;
				CLANG_WARN_INFINITE_RECURSION = YES;
				CLANG_WARN_INT_CONVERSION = YES;
				CLANG_WARN_NON_LITERAL_NULL_CONVERSION = YES;
				CLANG_WARN_OBJC_LITERAL_CONVERSION = YES;
				CLANG_WARN_OBJC_ROOT_CLASS = YES_ERROR;
				CLANG_WARN_RANGE_LOOP_ANALYSIS = YES;
				CLANG_WARN_STRICT_PROTOTYPES = YES;
				CLANG_WARN_SUSPICIOUS_MOVE = YES;
				CLANG_WARN_UNGUARDED_AVAILABILITY = YES_AGGRESSIVE;
				CLANG_WARN_UNREACHABLE_CODE = YES;
				CLANG_WARN__DUPLICATE_METHOD_MATCH = YES;
				CODE_SIGN_IDENTITY = "iPhone Developer";
				COPY_PHASE_STRIP = NO;
				DEBUG_INFORMATION_FORMAT = dwarf;
				ENABLE_STRICT_OBJC_MSGSEND = YES;
				ENABLE_TESTABILITY = YES;
				GCC_C_LANGUAGE_STANDARD = gnu11;
				GCC_DYNAMIC_NO_PIC = NO;
				GCC_NO_COMMON_BLOCKS = YES;
				GCC_OPTIMIZATION_LEVEL = 0;
				GCC_PREPROCESSOR_DEFINITIONS = (
					"DEBUG=1",
					"$(inherited)",
				);
				GCC_WARN_64_TO_32_BIT_CONVERSION = YES;
				GCC_WARN_ABOUT_RETURN_TYPE = YES_ERROR;
				GCC_WARN_UNDECLARED_SELECTOR = YES;
				GCC_WARN_UNINITIALIZED_AUTOS = YES_AGGRESSIVE;
				GCC_WARN_UNUSED_FUNCTION = YES;
				GCC_WARN_UNUSED_VARIABLE = YES;
				IPHONEOS_DEPLOYMENT_TARGET = 11.2;
				MTL_ENABLE_DEBUG_INFO = YES;
				ONLY_ACTIVE_ARCH = YES;
				SDKROOT = iphoneos;
				SWIFT_ACTIVE_COMPILATION_CONDITIONS = DEBUG;
				SWIFT_OPTIMIZATION_LEVEL = "-Onone";
			};
			name = Debug;
		};
		8470C610210434F500C8A532 /* Release */ = {
			isa = XCBuildConfiguration;
			buildSettings = {
				ALWAYS_SEARCH_USER_PATHS = NO;
				CLANG_ANALYZER_NONNULL = YES;
				CLANG_ANALYZER_NUMBER_OBJECT_CONVERSION = YES_AGGRESSIVE;
				CLANG_CXX_LANGUAGE_STANDARD = "gnu++14";
				CLANG_CXX_LIBRARY = "libc++";
				CLANG_ENABLE_MODULES = YES;
				CLANG_ENABLE_OBJC_ARC = YES;
				CLANG_WARN_BLOCK_CAPTURE_AUTORELEASING = YES;
				CLANG_WARN_BOOL_CONVERSION = YES;
				CLANG_WARN_COMMA = YES;
				CLANG_WARN_CONSTANT_CONVERSION = YES;
				CLANG_WARN_DIRECT_OBJC_ISA_USAGE = YES_ERROR;
				CLANG_WARN_DOCUMENTATION_COMMENTS = YES;
				CLANG_WARN_EMPTY_BODY = YES;
				CLANG_WARN_ENUM_CONVERSION = YES;
				CLANG_WARN_INFINITE_RECURSION = YES;
				CLANG_WARN_INT_CONVERSION = YES;
				CLANG_WARN_NON_LITERAL_NULL_CONVERSION = YES;
				CLANG_WARN_OBJC_LITERAL_CONVERSION = YES;
				CLANG_WARN_OBJC_ROOT_CLASS = YES_ERROR;
				CLANG_WARN_RANGE_LOOP_ANALYSIS = YES;
				CLANG_WARN_STRICT_PROTOTYPES = YES;
				CLANG_WARN_SUSPICIOUS_MOVE = YES;
				CLANG_WARN_UNGUARDED_AVAILABILITY = YES_AGGRESSIVE;
				CLANG_WARN_UNREACHABLE_CODE = YES;
				CLANG_WARN__DUPLICATE_METHOD_MATCH = YES;
				CODE_SIGN_IDENTITY = "iPhone Developer";
				COPY_PHASE_STRIP = NO;
				DEBUG_INFORMATION_FORMAT = "dwarf-with-dsym";
				ENABLE_NS_ASSERTIONS = NO;
				ENABLE_STRICT_OBJC_MSGSEND = YES;
				GCC_C_LANGUAGE_STANDARD = gnu11;
				GCC_NO_COMMON_BLOCKS = YES;
				GCC_WARN_64_TO_32_BIT_CONVERSION = YES;
				GCC_WARN_ABOUT_RETURN_TYPE = YES_ERROR;
				GCC_WARN_UNDECLARED_SELECTOR = YES;
				GCC_WARN_UNINITIALIZED_AUTOS = YES_AGGRESSIVE;
				GCC_WARN_UNUSED_FUNCTION = YES;
				GCC_WARN_UNUSED_VARIABLE = YES;
				IPHONEOS_DEPLOYMENT_TARGET = 11.2;
				MTL_ENABLE_DEBUG_INFO = NO;
				SDKROOT = iphoneos;
				SWIFT_OPTIMIZATION_LEVEL = "-Owholemodule";
				VALIDATE_PRODUCT = YES;
			};
			name = Release;
		};
		8470C612210434F500C8A532 /* Debug */ = {
			isa = XCBuildConfiguration;
			buildSettings = {
				ASSETCATALOG_COMPILER_APPICON_NAME = AppIcon;
				CODE_SIGN_STYLE = Automatic;
				DEVELOPMENT_TEAM = 9M899DRBMV;
				INFOPLIST_FILE = iOSTest2/Info.plist;
				LD_RUNPATH_SEARCH_PATHS = "$(inherited) @executable_path/Frameworks";
				PRODUCT_BUNDLE_IDENTIFIER = a.iOSTest2;
				PRODUCT_NAME = "$(TARGET_NAME)";
				SWIFT_VERSION = 4.0;
				TARGETED_DEVICE_FAMILY = "1,2";
			};
			name = Debug;
		};
		8470C613210434F500C8A532 /* Release */ = {
			isa = XCBuildConfiguration;
			buildSettings = {
				ASSETCATALOG_COMPILER_APPICON_NAME = AppIcon;
				CODE_SIGN_STYLE = Automatic;
				DEVELOPMENT_TEAM = 9M899DRBMV;
				INFOPLIST_FILE = iOSTest2/Info.plist;
				LD_RUNPATH_SEARCH_PATHS = "$(inherited) @executable_path/Frameworks";
				PRODUCT_BUNDLE_IDENTIFIER = a.iOSTest2;
				PRODUCT_NAME = "$(TARGET_NAME)";
				SWIFT_VERSION = 4.0;
				TARGETED_DEVICE_FAMILY = "1,2";
			};
			name = Release;
		};
/* End XCBuildConfiguration section */

/* Begin XCConfigurationList section */
		8470C5F7210434F500C8A532 /* Build configuration list for PBXProject "iOSTest2" */ = {
			isa = XCConfigurationList;
			buildConfigurations = (
				8470C60F210434F500C8A532 /* Debug */,
				8470C610210434F500C8A532 /* Release */,
			);
			defaultConfigurationIsVisible = 0;
			defaultConfigurationName = Release;
		};
		8470C611210434F500C8A532 /* Build configuration list for PBXNativeTarget "iOSTest2" */ = {
			isa = XCConfigurationList;
			buildConfigurations = (
				8470C612210434F500C8A532 /* Debug */,
				8470C613210434F500C8A532 /* Release */,
			);
			defaultConfigurationIsVisible = 0;
			defaultConfigurationName = Release;
		};
/* End XCConfigurationList section */

/* Begin XCVersionGroup section */
		8470C606210434F500C8A532 /* iOSTest2.xcdatamodeld */ = {
			isa = XCVersionGroup;
			children = (
				8470C607210434F500C8A532 /* iOSTest2.xcdatamodel */,
			);
			currentVersion = 8470C607210434F500C8A532 /* iOSTest2.xcdatamodel */;
			path = iOSTest2.xcdatamodeld;
			sourceTree = "<group>";
			versionGroupType = wrapper.xcdatamodel;
		};
/* End XCVersionGroup section */
	};
	rootObject = 8470C5F4210434F500C8A532 /* Project object */;
}
